
Microsoft Visual Studio Solution File, Format Version 12.00
# Visual Studio 15
VisualStudioVersion = 15.0.27703.2042
MinimumVisualStudioVersion = 10.0.40219.1
Project("{FAE04EC0-301F-11D3-BF4B-00C04F79EFBC}") = "AgainPractice.Entities", "AgainPractice.Entities\AgainPractice.Entities.csproj", "{C7DA4789-60C1-4069-9D32-51EDBF11392F}"
EndProject
Project("{FAE04EC0-301F-11D3-BF4B-00C04F79EFBC}") = "AgainPractice.DataAccess", "AgainPractice.DataAccess\AgainPractice.DataAccess.csproj", "{D5096C83-87A1-45BF-8BE9-DBD153D49791}"
EndProject
Project("{FAE04EC0-301F-11D3-BF4B-00C04F79EFBC}") = "AgainPractice.Business", "AgainPractice.Business\AgainPractice.Business.csproj", "{0B44DE2C-6E73-410F-9C40-D7D942ED6852}"
EndProject
Project("{FAE04EC0-301F-11D3-BF4B-00C04F79EFBC}") = "AgainPractice.Core", "AgainPractice.Core\AgainPractice.Core.csproj", "{5BF1DA9B-E905-435B-A454-58A641123DAE}"
EndProject
Project("{FAE04EC0-301F-11D3-BF4B-00C04F79EFBC}") = "AgainPractice.WebUI", "AgainPractice.WebUI\AgainPractice.WebUI.csproj", "{015C0584-D549-4845-9455-AB6E95947AF5}"
EndProject
Global
	GlobalSection(SolutionConfigurationPlatforms) = preSolution
		Debug|Any CPU = Debug|Any CPU
		Release|Any CPU = Release|Any CPU
	EndGlobalSection
	GlobalSection(ProjectConfigurationPlatforms) = postSolution
		{C7DA4789-60C1-4069-9D32-51EDBF11392F}.Debug|Any CPU.ActiveCfg = Debug|Any CPU
		{C7DA4789-60C1-4069-9D32-51EDBF11392F}.Debug|Any CPU.Build.0 = Debug|Any CPU
		{C7DA4789-60C1-4069-9D32-51EDBF11392F}.Release|Any CPU.ActiveCfg = Release|Any CPU
		{C7DA4789-60C1-4069-9D32-51EDBF11392F}.Release|Any CPU.Build.0 = Release|Any CPU
		{D5096C83-87A1-45BF-8BE9-DBD153D49791}.Debug|Any CPU.ActiveCfg = Debug|Any CPU
		{D5096C83-87A1-45BF-8BE9-DBD153D49791}.Debug|Any CPU.Build.0 = Debug|Any CPU
		{D5096C83-87A1-45BF-8BE9-DBD153D49791}.Release|Any CPU.ActiveCfg = Release|Any CPU
		{D5096C83-87A1-45BF-8BE9-DBD153D49791}.Release|Any CPU.Build.0 = Release|Any CPU
		{0B44DE2C-6E73-410F-9C40-D7D942ED6852}.Debug|Any CPU.ActiveCfg = Debug|Any CPU
		{0B44DE2C-6E73-410F-9C40-D7D942ED6852}.Debug|Any CPU.Build.0 = Debug|Any CPU
		{0B44DE2C-6E73-410F-9C40-D7D942ED6852}.Release|Any CPU.ActiveCfg = Release|Any CPU
		{0B44DE2C-6E73-410F-9C40-D7D942ED6852}.Release|Any CPU.Build.0 = Release|Any CPU
		{5BF1DA9B-E905-435B-A454-58A641123DAE}.Debug|Any CPU.ActiveCfg = Debug|Any CPU
		{5BF1DA9B-E905-435B-A454-58A641123DAE}.Debug|Any CPU.Build.0 = Debug|Any CPU
		{5BF1DA9B-E905-435B-A454-58A641123DAE}.Release|Any CPU.ActiveCfg = Release|Any CPU
		{5BF1DA9B-E905-435B-A454-58A641123DAE}.Release|Any CPU.Build.0 = Release|Any CPU
		{015C0584-D549-4845-9455-AB6E95947AF5}.Debug|Any CPU.ActiveCfg = Debug|Any CPU
		{015C0584-D549-4845-9455-AB6E95947AF5}.Debug|Any CPU.Build.0 = Debug|Any CPU
		{015C0584-D549-4845-9455-AB6E95947AF5}.Release|Any CPU.ActiveCfg = Release|Any CPU
		{015C0584-D549-4845-9455-AB6E95947AF5}.Release|Any CPU.Build.0 = Release|Any CPU
	EndGlobalSection
	GlobalSection(SolutionProperties) = preSolution
		HideSolutionNode = FALSE
	EndGlobalSection
	GlobalSection(ExtensibilityGlobals) = postSolution
		SolutionGuid = {621A5CEB-E2F5-49EE-9F1B-8118F484C887}
	EndGlobalSection
EndGlobal
